
Microsoft Visual Studio Solution File, Format Version 12.00
# Visual Studio Version 16
VisualStudioVersion = 16.0.32901.82
MinimumVisualStudioVersion = 10.0.40219.1
Project("{8BC9CEB8-8B4A-11D0-8D11-00A0C91BC942}") = "Project12-IfThisThenThat", "Project12-IfThisThenThat.vcxproj", "{87AA7556-C600-4A95-8A36-F196B4F07597}"
EndProject
Global
	GlobalSection(SolutionConfigurationPlatforms) = preSolution
		Debug|x64 = Debug|x64
		Debug|x86 = Debug|x86
		Release|x64 = Release|x64
		Release|x86 = Release|x86
	EndGlobalSection
	GlobalSection(ProjectConfigurationPlatforms) = postSolution
		{87AA7556-C600-4A95-8A36-F196B4F07597}.Debug|x64.ActiveCfg = Debug|x64
		{87AA7556-C600-4A95-8A36-F196B4F07597}.Debug|x64.Build.0 = Debug|x64
		{87AA7556-C600-4A95-8A36-F196B4F07597}.Debug|x86.ActiveCfg = Debug|Win32
		{87AA7556-C600-4A95-8A36-F196B4F07597}.Debug|x86.Build.0 = Debug|Win32
		{87AA7556-C600-4A95-8A36-F196B4F07597}.Release|x64.ActiveCfg = Release|x64
		{87AA7556-C600-4A95-8A36-F196B4F07597}.Release|x64.Build.0 = Release|x64
		{87AA7556-C600-4A95-8A36-F196B4F07597}.Release|x86.ActiveCfg = Release|Win32
		{87AA7556-C600-4A95-8A36-F196B4F07597}.Release|x86.Build.0 = Release|Win32
	EndGlobalSection
	GlobalSection(SolutionProperties) = preSolution
		HideSolutionNode = FALSE
	EndGlobalSection
	GlobalSection(ExtensibilityGlobals) = postSolution
		SolutionGuid = {5661C0CF-6A5C-44B3-A496-598C3DFBB69C}
	EndGlobalSection
EndGlobal
